
Microsoft Visual Studio Solution File, Format Version 12.00
# Visual Studio Version 17
VisualStudioVersion = 17.7.34031.279
MinimumVisualStudioVersion = 10.0.40219.1
Project("{FAE04EC0-301F-11D3-BF4B-00C04F79EFBC}") = "lab8", "lab8\lab8.csproj", "{E27ADE88-85CD-478B-AF07-D38ED3D19974}"
EndProject
Global
	GlobalSection(SolutionConfigurationPlatforms) = preSolution
		Debug|Any CPU = Debug|Any CPU
		Release|Any CPU = Release|Any CPU
	EndGlobalSection
	GlobalSection(ProjectConfigurationPlatforms) = postSolution
		{E27ADE88-85CD-478B-AF07-D38ED3D19974}.Debug|Any CPU.ActiveCfg = Debug|Any CPU
		{E27ADE88-85CD-478B-AF07-D38ED3D19974}.Debug|Any CPU.Build.0 = Debug|Any CPU
		{E27ADE88-85CD-478B-AF07-D38ED3D19974}.Release|Any CPU.ActiveCfg = Release|Any CPU
		{E27ADE88-85CD-478B-AF07-D38ED3D19974}.Release|Any CPU.Build.0 = Release|Any CPU
	EndGlobalSection
	GlobalSection(SolutionProperties) = preSolution
		HideSolutionNode = FALSE
	EndGlobalSection
	GlobalSection(ExtensibilityGlobals) = postSolution
		SolutionGuid = {2413C55A-83BA-4815-9AE2-213AFF5E7334}
	EndGlobalSection
EndGlobal
