
Microsoft Visual Studio Solution File, Format Version 12.00
# Visual Studio Version 17
VisualStudioVersion = 17.7.34024.191
MinimumVisualStudioVersion = 10.0.40219.1
Project("{FAE04EC0-301F-11D3-BF4B-00C04F79EFBC}") = "lab5", "lab5\lab5.csproj", "{4E25B7C8-B1DE-4ED3-855C-984886CCD12E}"
EndProject
Project("{FAE04EC0-301F-11D3-BF4B-00C04F79EFBC}") = "lab5b", "lab5b\lab5b.csproj", "{C98BA610-A9E7-4C0D-8703-138BA1339664}"
EndProject
Global
	GlobalSection(SolutionConfigurationPlatforms) = preSolution
		Debug|Any CPU = Debug|Any CPU
		Release|Any CPU = Release|Any CPU
	EndGlobalSection
	GlobalSection(ProjectConfigurationPlatforms) = postSolution
		{4E25B7C8-B1DE-4ED3-855C-984886CCD12E}.Debug|Any CPU.ActiveCfg = Debug|Any CPU
		{4E25B7C8-B1DE-4ED3-855C-984886CCD12E}.Debug|Any CPU.Build.0 = Debug|Any CPU
		{4E25B7C8-B1DE-4ED3-855C-984886CCD12E}.Release|Any CPU.ActiveCfg = Release|Any CPU
		{4E25B7C8-B1DE-4ED3-855C-984886CCD12E}.Release|Any CPU.Build.0 = Release|Any CPU
		{C98BA610-A9E7-4C0D-8703-138BA1339664}.Debug|Any CPU.ActiveCfg = Debug|Any CPU
		{C98BA610-A9E7-4C0D-8703-138BA1339664}.Debug|Any CPU.Build.0 = Debug|Any CPU
		{C98BA610-A9E7-4C0D-8703-138BA1339664}.Release|Any CPU.ActiveCfg = Release|Any CPU
		{C98BA610-A9E7-4C0D-8703-138BA1339664}.Release|Any CPU.Build.0 = Release|Any CPU
	EndGlobalSection
	GlobalSection(SolutionProperties) = preSolution
		HideSolutionNode = FALSE
	EndGlobalSection
	GlobalSection(ExtensibilityGlobals) = postSolution
		SolutionGuid = {27C5709C-E4D3-42F4-9C0B-73FE1F66DE42}
	EndGlobalSection
EndGlobal
