
Microsoft Visual Studio Solution File, Format Version 12.00
# Visual Studio Version 17
VisualStudioVersion = 17.7.34031.279
MinimumVisualStudioVersion = 10.0.40219.1
Project("{FAE04EC0-301F-11D3-BF4B-00C04F79EFBC}") = "lab7", "lab7\lab7.csproj", "{0DCE3EA7-855D-459A-BF5A-CE89245F9F60}"
EndProject
Global
	GlobalSection(SolutionConfigurationPlatforms) = preSolution
		Debug|Any CPU = Debug|Any CPU
		Release|Any CPU = Release|Any CPU
	EndGlobalSection
	GlobalSection(ProjectConfigurationPlatforms) = postSolution
		{0DCE3EA7-855D-459A-BF5A-CE89245F9F60}.Debug|Any CPU.ActiveCfg = Debug|Any CPU
		{0DCE3EA7-855D-459A-BF5A-CE89245F9F60}.Debug|Any CPU.Build.0 = Debug|Any CPU
		{0DCE3EA7-855D-459A-BF5A-CE89245F9F60}.Release|Any CPU.ActiveCfg = Release|Any CPU
		{0DCE3EA7-855D-459A-BF5A-CE89245F9F60}.Release|Any CPU.Build.0 = Release|Any CPU
	EndGlobalSection
	GlobalSection(SolutionProperties) = preSolution
		HideSolutionNode = FALSE
	EndGlobalSection
	GlobalSection(ExtensibilityGlobals) = postSolution
		SolutionGuid = {F79BCCB3-5AE2-483C-8C3A-F2BDB2D0B845}
	EndGlobalSection
EndGlobal
